
Microsoft Visual Studio Solution File, Format Version 12.00
# Visual Studio 15
VisualStudioVersion = 15.0.28010.2050
MinimumVisualStudioVersion = 10.0.40219.1
Project("{FAE04EC0-301F-11D3-BF4B-00C04F79EFBC}") = "MedLib.Android", "MedLib\MedLib.Android\MedLib.Android.csproj", "{7924D869-4AFA-4609-B925-DC4B165D1608}"
EndProject
Project("{FAE04EC0-301F-11D3-BF4B-00C04F79EFBC}") = "MedLib.iOS", "MedLib\MedLib.iOS\MedLib.iOS.csproj", "{F5816831-F376-4906-B10E-EA7B8F8BE0D8}"
EndProject
Project("{FAE04EC0-301F-11D3-BF4B-00C04F79EFBC}") = "MedLib.UWP", "MedLib\MedLib.UWP\MedLib.UWP.csproj", "{6B93DDDF-AD07-44F8-B613-E59311671C20}"
EndProject
Project("{FAE04EC0-301F-11D3-BF4B-00C04F79EFBC}") = "MedLib", "MedLib\MedLib\MedLib.csproj", "{396EA34D-1216-4332-AE67-A9668FA9BC25}"
EndProject
Global
	GlobalSection(SolutionConfigurationPlatforms) = preSolution
		Ad-Hoc|Any CPU = Ad-Hoc|Any CPU
		Ad-Hoc|ARM = Ad-Hoc|ARM
		Ad-Hoc|iPhone = Ad-Hoc|iPhone
		Ad-Hoc|iPhoneSimulator = Ad-Hoc|iPhoneSimulator
		Ad-Hoc|x64 = Ad-Hoc|x64
		Ad-Hoc|x86 = Ad-Hoc|x86
		AppStore|Any CPU = AppStore|Any CPU
		AppStore|ARM = AppStore|ARM
		AppStore|iPhone = AppStore|iPhone
		AppStore|iPhoneSimulator = AppStore|iPhoneSimulator
		AppStore|x64 = AppStore|x64
		AppStore|x86 = AppStore|x86
		Debug|Any CPU = Debug|Any CPU
		Debug|ARM = Debug|ARM
		Debug|iPhone = Debug|iPhone
		Debug|iPhoneSimulator = Debug|iPhoneSimulator
		Debug|x64 = Debug|x64
		Debug|x86 = Debug|x86
		Release|Any CPU = Release|Any CPU
		Release|ARM = Release|ARM
		Release|iPhone = Release|iPhone
		Release|iPhoneSimulator = Release|iPhoneSimulator
		Release|x64 = Release|x64
		Release|x86 = Release|x86
	EndGlobalSection
	GlobalSection(ProjectConfigurationPlatforms) = postSolution
		{7924D869-4AFA-4609-B925-DC4B165D1608}.Ad-Hoc|Any CPU.ActiveCfg = Release|Any CPU
		{7924D869-4AFA-4609-B925-DC4B165D1608}.Ad-Hoc|Any CPU.Build.0 = Release|Any CPU
		{7924D869-4AFA-4609-B925-DC4B165D1608}.Ad-Hoc|Any CPU.Deploy.0 = Release|Any CPU
		{7924D869-4AFA-4609-B925-DC4B165D1608}.Ad-Hoc|ARM.ActiveCfg = Release|Any CPU
		{7924D869-4AFA-4609-B925-DC4B165D1608}.Ad-Hoc|ARM.Build.0 = Release|Any CPU
		{7924D869-4AFA-4609-B925-DC4B165D1608}.Ad-Hoc|ARM.Deploy.0 = Release|Any CPU
		{7924D869-4AFA-4609-B925-DC4B165D1608}.Ad-Hoc|iPhone.ActiveCfg = Release|Any CPU
		{7924D869-4AFA-4609-B925-DC4B165D1608}.Ad-Hoc|iPhone.Build.0 = Release|Any CPU
		{7924D869-4AFA-4609-B925-DC4B165D1608}.Ad-Hoc|iPhone.Deploy.0 = Release|Any CPU
		{7924D869-4AFA-4609-B925-DC4B165D1608}.Ad-Hoc|iPhoneSimulator.ActiveCfg = Release|Any CPU
		{7924D869-4AFA-4609-B925-DC4B165D1608}.Ad-Hoc|iPhoneSimulator.Build.0 = Release|Any CPU
		{7924D869-4AFA-4609-B925-DC4B165D1608}.Ad-Hoc|iPhoneSimulator.Deploy.0 = Release|Any CPU
		{7924D869-4AFA-4609-B925-DC4B165D1608}.Ad-Hoc|x64.ActiveCfg = Release|Any CPU
		{7924D869-4AFA-4609-B925-DC4B165D1608}.Ad-Hoc|x64.Build.0 = Release|Any CPU
		{7924D869-4AFA-4609-B925-DC4B165D1608}.Ad-Hoc|x64.Deploy.0 = Release|Any CPU
		{7924D869-4AFA-4609-B925-DC4B165D1608}.Ad-Hoc|x86.ActiveCfg = Release|Any CPU
		{7924D869-4AFA-4609-B925-DC4B165D1608}.Ad-Hoc|x86.Build.0 = Release|Any CPU
		{7924D869-4AFA-4609-B925-DC4B165D1608}.Ad-Hoc|x86.Deploy.0 = Release|Any CPU
		{7924D869-4AFA-4609-B925-DC4B165D1608}.AppStore|Any CPU.ActiveCfg = Release|Any CPU
		{7924D869-4AFA-4609-B925-DC4B165D1608}.AppStore|Any CPU.Build.0 = Release|Any CPU
		{7924D869-4AFA-4609-B925-DC4B165D1608}.AppStore|Any CPU.Deploy.0 = Release|Any CPU
		{7924D869-4AFA-4609-B925-DC4B165D1608}.AppStore|ARM.ActiveCfg = Release|Any CPU
		{7924D869-4AFA-4609-B925-DC4B165D1608}.AppStore|ARM.Build.0 = Release|Any CPU
		{7924D869-4AFA-4609-B925-DC4B165D1608}.AppStore|ARM.Deploy.0 = Release|Any CPU
		{7924D869-4AFA-4609-B925-DC4B165D1608}.AppStore|iPhone.ActiveCfg = Release|Any CPU
		{7924D869-4AFA-4609-B925-DC4B165D1608}.AppStore|iPhone.Build.0 = Release|Any CPU
		{7924D869-4AFA-4609-B925-DC4B165D1608}.AppStore|iPhone.Deploy.0 = Release|Any CPU
		{7924D869-4AFA-4609-B925-DC4B165D1608}.AppStore|iPhoneSimulator.ActiveCfg = Release|Any CPU
		{7924D869-4AFA-4609-B925-DC4B165D1608}.AppStore|iPhoneSimulator.Build.0 = Release|Any CPU
		{7924D869-4AFA-4609-B925-DC4B165D1608}.AppStore|iPhoneSimulator.Deploy.0 = Release|Any CPU
		{7924D869-4AFA-4609-B925-DC4B165D1608}.AppStore|x64.ActiveCfg = Release|Any CPU
		{7924D869-4AFA-4609-B925-DC4B165D1608}.AppStore|x64.Build.0 = Release|Any CPU
		{7924D869-4AFA-4609-B925-DC4B165D1608}.AppStore|x64.Deploy.0 = Release|Any CPU
		{7924D869-4AFA-4609-B925-DC4B165D1608}.AppStore|x86.ActiveCfg = Release|Any CPU
		{7924D869-4AFA-4609-B925-DC4B165D1608}.AppStore|x86.Build.0 = Release|Any CPU
		{7924D869-4AFA-4609-B925-DC4B165D1608}.AppStore|x86.Deploy.0 = Release|Any CPU
		{7924D869-4AFA-4609-B925-DC4B165D1608}.Debug|Any CPU.ActiveCfg = Debug|Any CPU
		{7924D869-4AFA-4609-B925-DC4B165D1608}.Debug|Any CPU.Build.0 = Debug|Any CPU
		{7924D869-4AFA-4609-B925-DC4B165D1608}.Debug|Any CPU.Deploy.0 = Debug|Any CPU
		{7924D869-4AFA-4609-B925-DC4B165D1608}.Debug|ARM.ActiveCfg = Debug|Any CPU
		{7924D869-4AFA-4609-B925-DC4B165D1608}.Debug|ARM.Build.0 = Debug|Any CPU
		{7924D869-4AFA-4609-B925-DC4B165D1608}.Debug|ARM.Deploy.0 = Debug|Any CPU
		{7924D869-4AFA-4609-B925-DC4B165D1608}.Debug|iPhone.ActiveCfg = Debug|Any CPU
		{7924D869-4AFA-4609-B925-DC4B165D1608}.Debug|iPhone.Build.0 = Debug|Any CPU
		{7924D869-4AFA-4609-B925-DC4B165D1608}.Debug|iPhone.Deploy.0 = Debug|Any CPU
		{7924D869-4AFA-4609-B925-DC4B165D1608}.Debug|iPhoneSimulator.ActiveCfg = Debug|Any CPU
		{7924D869-4AFA-4609-B925-DC4B165D1608}.Debug|iPhoneSimulator.Build.0 = Debug|Any CPU
		{7924D869-4AFA-4609-B925-DC4B165D1608}.Debug|iPhoneSimulator.Deploy.0 = Debug|Any CPU
		{7924D869-4AFA-4609-B925-DC4B165D1608}.Debug|x64.ActiveCfg = Debug|Any CPU
		{7924D869-4AFA-4609-B925-DC4B165D1608}.Debug|x64.Build.0 = Debug|Any CPU
		{7924D869-4AFA-4609-B925-DC4B165D1608}.Debug|x64.Deploy.0 = Debug|Any CPU
		{7924D869-4AFA-4609-B925-DC4B165D1608}.Debug|x86.ActiveCfg = Debug|Any CPU
		{7924D869-4AFA-4609-B925-DC4B165D1608}.Debug|x86.Build.0 = Debug|Any CPU
		{7924D869-4AFA-4609-B925-DC4B165D1608}.Debug|x86.Deploy.0 = Debug|Any CPU
		{7924D869-4AFA-4609-B925-DC4B165D1608}.Release|Any CPU.ActiveCfg = Release|Any CPU
		{7924D869-4AFA-4609-B925-DC4B165D1608}.Release|Any CPU.Build.0 = Release|Any CPU
		{7924D869-4AFA-4609-B925-DC4B165D1608}.Release|Any CPU.Deploy.0 = Release|Any CPU
		{7924D869-4AFA-4609-B925-DC4B165D1608}.Release|ARM.ActiveCfg = Release|Any CPU
		{7924D869-4AFA-4609-B925-DC4B165D1608}.Release|ARM.Build.0 = Release|Any CPU
		{7924D869-4AFA-4609-B925-DC4B165D1608}.Release|ARM.Deploy.0 = Release|Any CPU
		{7924D869-4AFA-4609-B925-DC4B165D1608}.Release|iPhone.ActiveCfg = Release|Any CPU
		{7924D869-4AFA-4609-B925-DC4B165D1608}.Release|iPhone.Build.0 = Release|Any CPU
		{7924D869-4AFA-4609-B925-DC4B165D1608}.Release|iPhone.Deploy.0 = Release|Any CPU
		{7924D869-4AFA-4609-B925-DC4B165D1608}.Release|iPhoneSimulator.ActiveCfg = Release|Any CPU
		{7924D869-4AFA-4609-B925-DC4B165D1608}.Release|iPhoneSimulator.Build.0 = Release|Any CPU
		{7924D869-4AFA-4609-B925-DC4B165D1608}.Release|iPhoneSimulator.Deploy.0 = Release|Any CPU
		{7924D869-4AFA-4609-B925-DC4B165D1608}.Release|x64.ActiveCfg = Release|Any CPU
		{7924D869-4AFA-4609-B925-DC4B165D1608}.Release|x64.Build.0 = Release|Any CPU
		{7924D869-4AFA-4609-B925-DC4B165D1608}.Release|x64.Deploy.0 = Release|Any CPU
		{7924D869-4AFA-4609-B925-DC4B165D1608}.Release|x86.ActiveCfg = Release|Any CPU
		{7924D869-4AFA-4609-B925-DC4B165D1608}.Release|x86.Build.0 = Release|Any CPU
		{7924D869-4AFA-4609-B925-DC4B165D1608}.Release|x86.Deploy.0 = Release|Any CPU
		{F5816831-F376-4906-B10E-EA7B8F8BE0D8}.Ad-Hoc|Any CPU.ActiveCfg = Ad-Hoc|iPhone
		{F5816831-F376-4906-B10E-EA7B8F8BE0D8}.Ad-Hoc|Any CPU.Build.0 = Ad-Hoc|iPhone
		{F5816831-F376-4906-B10E-EA7B8F8BE0D8}.Ad-Hoc|Any CPU.Deploy.0 = Ad-Hoc|iPhone
		{F5816831-F376-4906-B10E-EA7B8F8BE0D8}.Ad-Hoc|ARM.ActiveCfg = Ad-Hoc|iPhone
		{F5816831-F376-4906-B10E-EA7B8F8BE0D8}.Ad-Hoc|ARM.Build.0 = Ad-Hoc|iPhone
		{F5816831-F376-4906-B10E-EA7B8F8BE0D8}.Ad-Hoc|ARM.Deploy.0 = Ad-Hoc|iPhone
		{F5816831-F376-4906-B10E-EA7B8F8BE0D8}.Ad-Hoc|iPhone.ActiveCfg = Ad-Hoc|iPhone
		{F5816831-F376-4906-B10E-EA7B8F8BE0D8}.Ad-Hoc|iPhone.Build.0 = Ad-Hoc|iPhone
		{F5816831-F376-4906-B10E-EA7B8F8BE0D8}.Ad-Hoc|iPhone.Deploy.0 = Ad-Hoc|iPhone
		{F5816831-F376-4906-B10E-EA7B8F8BE0D8}.Ad-Hoc|iPhoneSimulator.ActiveCfg = Ad-Hoc|iPhoneSimulator
		{F5816831-F376-4906-B10E-EA7B8F8BE0D8}.Ad-Hoc|iPhoneSimulator.Build.0 = Ad-Hoc|iPhoneSimulator
		{F5816831-F376-4906-B10E-EA7B8F8BE0D8}.Ad-Hoc|iPhoneSimulator.Deploy.0 = Ad-Hoc|iPhoneSimulator
		{F5816831-F376-4906-B10E-EA7B8F8BE0D8}.Ad-Hoc|x64.ActiveCfg = Ad-Hoc|iPhone
		{F5816831-F376-4906-B10E-EA7B8F8BE0D8}.Ad-Hoc|x64.Build.0 = Ad-Hoc|iPhone
		{F5816831-F376-4906-B10E-EA7B8F8BE0D8}.Ad-Hoc|x64.Deploy.0 = Ad-Hoc|iPhone
		{F5816831-F376-4906-B10E-EA7B8F8BE0D8}.Ad-Hoc|x86.ActiveCfg = Ad-Hoc|iPhone
		{F5816831-F376-4906-B10E-EA7B8F8BE0D8}.Ad-Hoc|x86.Build.0 = Ad-Hoc|iPhone
		{F5816831-F376-4906-B10E-EA7B8F8BE0D8}.Ad-Hoc|x86.Deploy.0 = Ad-Hoc|iPhone
		{F5816831-F376-4906-B10E-EA7B8F8BE0D8}.AppStore|Any CPU.ActiveCfg = AppStore|iPhone
		{F5816831-F376-4906-B10E-EA7B8F8BE0D8}.AppStore|Any CPU.Build.0 = AppStore|iPhone
		{F5816831-F376-4906-B10E-EA7B8F8BE0D8}.AppStore|Any CPU.Deploy.0 = AppStore|iPhone
		{F5816831-F376-4906-B10E-EA7B8F8BE0D8}.AppStore|ARM.ActiveCfg = AppStore|iPhone
		{F5816831-F376-4906-B10E-EA7B8F8BE0D8}.AppStore|ARM.Build.0 = AppStore|iPhone
		{F5816831-F376-4906-B10E-EA7B8F8BE0D8}.AppStore|ARM.Deploy.0 = AppStore|iPhone
		{F5816831-F376-4906-B10E-EA7B8F8BE0D8}.AppStore|iPhone.ActiveCfg = AppStore|iPhone
		{F5816831-F376-4906-B10E-EA7B8F8BE0D8}.AppStore|iPhone.Build.0 = AppStore|iPhone
		{F5816831-F376-4906-B10E-EA7B8F8BE0D8}.AppStore|iPhone.Deploy.0 = AppStore|iPhone
		{F5816831-F376-4906-B10E-EA7B8F8BE0D8}.AppStore|iPhoneSimulator.ActiveCfg = AppStore|iPhoneSimulator
		{F5816831-F376-4906-B10E-EA7B8F8BE0D8}.AppStore|iPhoneSimulator.Build.0 = AppStore|iPhoneSimulator
		{F5816831-F376-4906-B10E-EA7B8F8BE0D8}.AppStore|iPhoneSimulator.Deploy.0 = AppStore|iPhoneSimulator
		{F5816831-F376-4906-B10E-EA7B8F8BE0D8}.AppStore|x64.ActiveCfg = AppStore|iPhone
		{F5816831-F376-4906-B10E-EA7B8F8BE0D8}.AppStore|x64.Build.0 = AppStore|iPhone
		{F5816831-F376-4906-B10E-EA7B8F8BE0D8}.AppStore|x64.Deploy.0 = AppStore|iPhone
		{F5816831-F376-4906-B10E-EA7B8F8BE0D8}.AppStore|x86.ActiveCfg = AppStore|iPhone
		{F5816831-F376-4906-B10E-EA7B8F8BE0D8}.AppStore|x86.Build.0 = AppStore|iPhone
		{F5816831-F376-4906-B10E-EA7B8F8BE0D8}.AppStore|x86.Deploy.0 = AppStore|iPhone
		{F5816831-F376-4906-B10E-EA7B8F8BE0D8}.Debug|Any CPU.ActiveCfg = Debug|iPhoneSimulator
		{F5816831-F376-4906-B10E-EA7B8F8BE0D8}.Debug|Any CPU.Build.0 = Debug|iPhoneSimulator
		{F5816831-F376-4906-B10E-EA7B8F8BE0D8}.Debug|Any CPU.Deploy.0 = Debug|iPhoneSimulator
		{F5816831-F376-4906-B10E-EA7B8F8BE0D8}.Debug|ARM.ActiveCfg = Debug|iPhone
		{F5816831-F376-4906-B10E-EA7B8F8BE0D8}.Debug|ARM.Build.0 = Debug|iPhone
		{F5816831-F376-4906-B10E-EA7B8F8BE0D8}.Debug|ARM.Deploy.0 = Debug|iPhone
		{F5816831-F376-4906-B10E-EA7B8F8BE0D8}.Debug|iPhone.ActiveCfg = Debug|iPhone
		{F5816831-F376-4906-B10E-EA7B8F8BE0D8}.Debug|iPhone.Build.0 = Debug|iPhone
		{F5816831-F376-4906-B10E-EA7B8F8BE0D8}.Debug|iPhone.Deploy.0 = Debug|iPhone
		{F5816831-F376-4906-B10E-EA7B8F8BE0D8}.Debug|iPhoneSimulator.ActiveCfg = Debug|iPhoneSimulator
		{F5816831-F376-4906-B10E-EA7B8F8BE0D8}.Debug|iPhoneSimulator.Build.0 = Debug|iPhoneSimulator
		{F5816831-F376-4906-B10E-EA7B8F8BE0D8}.Debug|iPhoneSimulator.Deploy.0 = Debug|iPhoneSimulator
		{F5816831-F376-4906-B10E-EA7B8F8BE0D8}.Debug|x64.ActiveCfg = Debug|iPhone
		{F5816831-F376-4906-B10E-EA7B8F8BE0D8}.Debug|x64.Build.0 = Debug|iPhone
		{F5816831-F376-4906-B10E-EA7B8F8BE0D8}.Debug|x64.Deploy.0 = Debug|iPhone
		{F5816831-F376-4906-B10E-EA7B8F8BE0D8}.Debug|x86.ActiveCfg = Debug|iPhone
		{F5816831-F376-4906-B10E-EA7B8F8BE0D8}.Debug|x86.Build.0 = Debug|iPhone
		{F5816831-F376-4906-B10E-EA7B8F8BE0D8}.Debug|x86.Deploy.0 = Debug|iPhone
		{F5816831-F376-4906-B10E-EA7B8F8BE0D8}.Release|Any CPU.ActiveCfg = Release|iPhone
		{F5816831-F376-4906-B10E-EA7B8F8BE0D8}.Release|Any CPU.Build.0 = Release|iPhone
		{F5816831-F376-4906-B10E-EA7B8F8BE0D8}.Release|Any CPU.Deploy.0 = Release|iPhone
		{F5816831-F376-4906-B10E-EA7B8F8BE0D8}.Release|ARM.ActiveCfg = Release|iPhone
		{F5816831-F376-4906-B10E-EA7B8F8BE0D8}.Release|ARM.Build.0 = Release|iPhone
		{F5816831-F376-4906-B10E-EA7B8F8BE0D8}.Release|ARM.Deploy.0 = Release|iPhone
		{F5816831-F376-4906-B10E-EA7B8F8BE0D8}.Release|iPhone.ActiveCfg = Release|iPhone
		{F5816831-F376-4906-B10E-EA7B8F8BE0D8}.Release|iPhone.Build.0 = Release|iPhone
		{F5816831-F376-4906-B10E-EA7B8F8BE0D8}.Release|iPhone.Deploy.0 = Release|iPhone
		{F5816831-F376-4906-B10E-EA7B8F8BE0D8}.Release|iPhoneSimulator.ActiveCfg = Release|iPhoneSimulator
		{F5816831-F376-4906-B10E-EA7B8F8BE0D8}.Release|iPhoneSimulator.Build.0 = Release|iPhoneSimulator
		{F5816831-F376-4906-B10E-EA7B8F8BE0D8}.Release|iPhoneSimulator.Deploy.0 = Release|iPhoneSimulator
		{F5816831-F376-4906-B10E-EA7B8F8BE0D8}.Release|x64.ActiveCfg = Release|iPhone
		{F5816831-F376-4906-B10E-EA7B8F8BE0D8}.Release|x64.Build.0 = Release|iPhone
		{F5816831-F376-4906-B10E-EA7B8F8BE0D8}.Release|x64.Deploy.0 = Release|iPhone
		{F5816831-F376-4906-B10E-EA7B8F8BE0D8}.Release|x86.ActiveCfg = Release|iPhone
		{F5816831-F376-4906-B10E-EA7B8F8BE0D8}.Release|x86.Build.0 = Release|iPhone
		{F5816831-F376-4906-B10E-EA7B8F8BE0D8}.Release|x86.Deploy.0 = Release|iPhone
		{6B93DDDF-AD07-44F8-B613-E59311671C20}.Ad-Hoc|Any CPU.ActiveCfg = Release|x86
		{6B93DDDF-AD07-44F8-B613-E59311671C20}.Ad-Hoc|Any CPU.Build.0 = Release|x86
		{6B93DDDF-AD07-44F8-B613-E59311671C20}.Ad-Hoc|Any CPU.Deploy.0 = Release|x86
		{6B93DDDF-AD07-44F8-B613-E59311671C20}.Ad-Hoc|ARM.ActiveCfg = Release|ARM
		{6B93DDDF-AD07-44F8-B613-E59311671C20}.Ad-Hoc|ARM.Build.0 = Release|ARM
		{6B93DDDF-AD07-44F8-B613-E59311671C20}.Ad-Hoc|ARM.Deploy.0 = Release|ARM
		{6B93DDDF-AD07-44F8-B613-E59311671C20}.Ad-Hoc|iPhone.ActiveCfg = Release|x86
		{6B93DDDF-AD07-44F8-B613-E59311671C20}.Ad-Hoc|iPhone.Build.0 = Release|x86
		{6B93DDDF-AD07-44F8-B613-E59311671C20}.Ad-Hoc|iPhone.Deploy.0 = Release|x86
		{6B93DDDF-AD07-44F8-B613-E59311671C20}.Ad-Hoc|iPhoneSimulator.ActiveCfg = Release|x86
		{6B93DDDF-AD07-44F8-B613-E59311671C20}.Ad-Hoc|iPhoneSimulator.Build.0 = Release|x86
		{6B93DDDF-AD07-44F8-B613-E59311671C20}.Ad-Hoc|iPhoneSimulator.Deploy.0 = Release|x86
		{6B93DDDF-AD07-44F8-B613-E59311671C20}.Ad-Hoc|x64.ActiveCfg = Release|x64
		{6B93DDDF-AD07-44F8-B613-E59311671C20}.Ad-Hoc|x64.Build.0 = Release|x64
		{6B93DDDF-AD07-44F8-B613-E59311671C20}.Ad-Hoc|x64.Deploy.0 = Release|x64
		{6B93DDDF-AD07-44F8-B613-E59311671C20}.Ad-Hoc|x86.ActiveCfg = Release|x86
		{6B93DDDF-AD07-44F8-B613-E59311671C20}.Ad-Hoc|x86.Build.0 = Release|x86
		{6B93DDDF-AD07-44F8-B613-E59311671C20}.Ad-Hoc|x86.Deploy.0 = Release|x86
		{6B93DDDF-AD07-44F8-B613-E59311671C20}.AppStore|Any CPU.ActiveCfg = Release|x86
		{6B93DDDF-AD07-44F8-B613-E59311671C20}.AppStore|Any CPU.Build.0 = Release|x86
		{6B93DDDF-AD07-44F8-B613-E59311671C20}.AppStore|Any CPU.Deploy.0 = Release|x86
		{6B93DDDF-AD07-44F8-B613-E59311671C20}.AppStore|ARM.ActiveCfg = Release|ARM
		{6B93DDDF-AD07-44F8-B613-E59311671C20}.AppStore|ARM.Build.0 = Release|ARM
		{6B93DDDF-AD07-44F8-B613-E59311671C20}.AppStore|ARM.Deploy.0 = Release|ARM
		{6B93DDDF-AD07-44F8-B613-E59311671C20}.AppStore|iPhone.ActiveCfg = Release|x86
		{6B93DDDF-AD07-44F8-B613-E59311671C20}.AppStore|iPhone.Build.0 = Release|x86
		{6B93DDDF-AD07-44F8-B613-E59311671C20}.AppStore|iPhone.Deploy.0 = Release|x86
		{6B93DDDF-AD07-44F8-B613-E59311671C20}.AppStore|iPhoneSimulator.ActiveCfg = Release|x86
		{6B93DDDF-AD07-44F8-B613-E59311671C20}.AppStore|iPhoneSimulator.Build.0 = Release|x86
		{6B93DDDF-AD07-44F8-B613-E59311671C20}.AppStore|iPhoneSimulator.Deploy.0 = Release|x86
		{6B93DDDF-AD07-44F8-B613-E59311671C20}.AppStore|x64.ActiveCfg = Release|x64
		{6B93DDDF-AD07-44F8-B613-E59311671C20}.AppStore|x64.Build.0 = Release|x64
		{6B93DDDF-AD07-44F8-B613-E59311671C20}.AppStore|x64.Deploy.0 = Release|x64
		{6B93DDDF-AD07-44F8-B613-E59311671C20}.AppStore|x86.ActiveCfg = Release|x86
		{6B93DDDF-AD07-44F8-B613-E59311671C20}.AppStore|x86.Build.0 = Release|x86
		{6B93DDDF-AD07-44F8-B613-E59311671C20}.AppStore|x86.Deploy.0 = Release|x86
		{6B93DDDF-AD07-44F8-B613-E59311671C20}.Debug|Any CPU.ActiveCfg = Debug|x86
		{6B93DDDF-AD07-44F8-B613-E59311671C20}.Debug|Any CPU.Build.0 = Debug|x86
		{6B93DDDF-AD07-44F8-B613-E59311671C20}.Debug|Any CPU.Deploy.0 = Debug|x86
		{6B93DDDF-AD07-44F8-B613-E59311671C20}.Debug|ARM.ActiveCfg = Debug|ARM
		{6B93DDDF-AD07-44F8-B613-E59311671C20}.Debug|ARM.Build.0 = Debug|ARM
		{6B93DDDF-AD07-44F8-B613-E59311671C20}.Debug|ARM.Deploy.0 = Debug|ARM
		{6B93DDDF-AD07-44F8-B613-E59311671C20}.Debug|iPhone.ActiveCfg = Debug|x86
		{6B93DDDF-AD07-44F8-B613-E59311671C20}.Debug|iPhone.Build.0 = Debug|x86
		{6B93DDDF-AD07-44F8-B613-E59311671C20}.Debug|iPhone.Deploy.0 = Debug|x86
		{6B93DDDF-AD07-44F8-B613-E59311671C20}.Debug|iPhoneSimulator.ActiveCfg = Debug|x86
		{6B93DDDF-AD07-44F8-B613-E59311671C20}.Debug|iPhoneSimulator.Build.0 = Debug|x86
		{6B93DDDF-AD07-44F8-B613-E59311671C20}.Debug|iPhoneSimulator.Deploy.0 = Debug|x86
		{6B93DDDF-AD07-44F8-B613-E59311671C20}.Debug|x64.ActiveCfg = Debug|x64
		{6B93DDDF-AD07-44F8-B613-E59311671C20}.Debug|x64.Build.0 = Debug|x64
		{6B93DDDF-AD07-44F8-B613-E59311671C20}.Debug|x64.Deploy.0 = Debug|x64
		{6B93DDDF-AD07-44F8-B613-E59311671C20}.Debug|x86.ActiveCfg = Debug|x86
		{6B93DDDF-AD07-44F8-B613-E59311671C20}.Debug|x86.Build.0 = Debug|x86
		{6B93DDDF-AD07-44F8-B613-E59311671C20}.Debug|x86.Deploy.0 = Debug|x86
		{6B93DDDF-AD07-44F8-B613-E59311671C20}.Release|Any CPU.ActiveCfg = Release|x86
		{6B93DDDF-AD07-44F8-B613-E59311671C20}.Release|Any CPU.Build.0 = Release|x86
		{6B93DDDF-AD07-44F8-B613-E59311671C20}.Release|Any CPU.Deploy.0 = Release|x86
		{6B93DDDF-AD07-44F8-B613-E59311671C20}.Release|ARM.ActiveCfg = Release|ARM
		{6B93DDDF-AD07-44F8-B613-E59311671C20}.Release|ARM.Build.0 = Release|ARM
		{6B93DDDF-AD07-44F8-B613-E59311671C20}.Release|ARM.Deploy.0 = Release|ARM
		{6B93DDDF-AD07-44F8-B613-E59311671C20}.Release|iPhone.ActiveCfg = Release|x86
		{6B93DDDF-AD07-44F8-B613-E59311671C20}.Release|iPhone.Build.0 = Release|x86
		{6B93DDDF-AD07-44F8-B613-E59311671C20}.Release|iPhone.Deploy.0 = Release|x86
		{6B93DDDF-AD07-44F8-B613-E59311671C20}.Release|iPhoneSimulator.ActiveCfg = Release|x86
		{6B93DDDF-AD07-44F8-B613-E59311671C20}.Release|iPhoneSimulator.Build.0 = Release|x86
		{6B93DDDF-AD07-44F8-B613-E59311671C20}.Release|iPhoneSimulator.Deploy.0 = Release|x86
		{6B93DDDF-AD07-44F8-B613-E59311671C20}.Release|x64.ActiveCfg = Release|x64
		{6B93DDDF-AD07-44F8-B613-E59311671C20}.Release|x64.Build.0 = Release|x64
		{6B93DDDF-AD07-44F8-B613-E59311671C20}.Release|x64.Deploy.0 = Release|x64
		{6B93DDDF-AD07-44F8-B613-E59311671C20}.Release|x86.ActiveCfg = Release|x86
		{6B93DDDF-AD07-44F8-B613-E59311671C20}.Release|x86.Build.0 = Release|x86
		{6B93DDDF-AD07-44F8-B613-E59311671C20}.Release|x86.Deploy.0 = Release|x86
		{396EA34D-1216-4332-AE67-A9668FA9BC25}.Ad-Hoc|Any CPU.ActiveCfg = Debug|Any CPU
		{396EA34D-1216-4332-AE67-A9668FA9BC25}.Ad-Hoc|Any CPU.Build.0 = Debug|Any CPU
		{396EA34D-1216-4332-AE67-A9668FA9BC25}.Ad-Hoc|Any CPU.Deploy.0 = Debug|Any CPU
		{396EA34D-1216-4332-AE67-A9668FA9BC25}.Ad-Hoc|ARM.ActiveCfg = Debug|Any CPU
		{396EA34D-1216-4332-AE67-A9668FA9BC25}.Ad-Hoc|ARM.Build.0 = Debug|Any CPU
		{396EA34D-1216-4332-AE67-A9668FA9BC25}.Ad-Hoc|ARM.Deploy.0 = Debug|Any CPU
		{396EA34D-1216-4332-AE67-A9668FA9BC25}.Ad-Hoc|iPhone.ActiveCfg = Debug|Any CPU
		{396EA34D-1216-4332-AE67-A9668FA9BC25}.Ad-Hoc|iPhone.Build.0 = Debug|Any CPU
		{396EA34D-1216-4332-AE67-A9668FA9BC25}.Ad-Hoc|iPhone.Deploy.0 = Debug|Any CPU
		{396EA34D-1216-4332-AE67-A9668FA9BC25}.Ad-Hoc|iPhoneSimulator.ActiveCfg = Debug|Any CPU
		{396EA34D-1216-4332-AE67-A9668FA9BC25}.Ad-Hoc|iPhoneSimulator.Build.0 = Debug|Any CPU
		{396EA34D-1216-4332-AE67-A9668FA9BC25}.Ad-Hoc|iPhoneSimulator.Deploy.0 = Debug|Any CPU
		{396EA34D-1216-4332-AE67-A9668FA9BC25}.Ad-Hoc|x64.ActiveCfg = Debug|Any CPU
		{396EA34D-1216-4332-AE67-A9668FA9BC25}.Ad-Hoc|x64.Build.0 = Debug|Any CPU
		{396EA34D-1216-4332-AE67-A9668FA9BC25}.Ad-Hoc|x64.Deploy.0 = Debug|Any CPU
		{396EA34D-1216-4332-AE67-A9668FA9BC25}.Ad-Hoc|x86.ActiveCfg = Debug|Any CPU
		{396EA34D-1216-4332-AE67-A9668FA9BC25}.Ad-Hoc|x86.Build.0 = Debug|Any CPU
		{396EA34D-1216-4332-AE67-A9668FA9BC25}.Ad-Hoc|x86.Deploy.0 = Debug|Any CPU
		{396EA34D-1216-4332-AE67-A9668FA9BC25}.AppStore|Any CPU.ActiveCfg = Debug|Any CPU
		{396EA34D-1216-4332-AE67-A9668FA9BC25}.AppStore|Any CPU.Build.0 = Debug|Any CPU
		{396EA34D-1216-4332-AE67-A9668FA9BC25}.AppStore|Any CPU.Deploy.0 = Debug|Any CPU
		{396EA34D-1216-4332-AE67-A9668FA9BC25}.AppStore|ARM.ActiveCfg = Debug|Any CPU
		{396EA34D-1216-4332-AE67-A9668FA9BC25}.AppStore|ARM.Build.0 = Debug|Any CPU
		{396EA34D-1216-4332-AE67-A9668FA9BC25}.AppStore|ARM.Deploy.0 = Debug|Any CPU
		{396EA34D-1216-4332-AE67-A9668FA9BC25}.AppStore|iPhone.ActiveCfg = Debug|Any CPU
		{396EA34D-1216-4332-AE67-A9668FA9BC25}.AppStore|iPhone.Build.0 = Debug|Any CPU
		{396EA34D-1216-4332-AE67-A9668FA9BC25}.AppStore|iPhone.Deploy.0 = Debug|Any CPU
		{396EA34D-1216-4332-AE67-A9668FA9BC25}.AppStore|iPhoneSimulator.ActiveCfg = Debug|Any CPU
		{396EA34D-1216-4332-AE67-A9668FA9BC25}.AppStore|iPhoneSimulator.Build.0 = Debug|Any CPU
		{396EA34D-1216-4332-AE67-A9668FA9BC25}.AppStore|iPhoneSimulator.Deploy.0 = Debug|Any CPU
		{396EA34D-1216-4332-AE67-A9668FA9BC25}.AppStore|x64.ActiveCfg = Debug|Any CPU
		{396EA34D-1216-4332-AE67-A9668FA9BC25}.AppStore|x64.Build.0 = Debug|Any CPU
		{396EA34D-1216-4332-AE67-A9668FA9BC25}.AppStore|x64.Deploy.0 = Debug|Any CPU
		{396EA34D-1216-4332-AE67-A9668FA9BC25}.AppStore|x86.ActiveCfg = Debug|Any CPU
		{396EA34D-1216-4332-AE67-A9668FA9BC25}.AppStore|x86.Build.0 = Debug|Any CPU
		{396EA34D-1216-4332-AE67-A9668FA9BC25}.AppStore|x86.Deploy.0 = Debug|Any CPU
		{396EA34D-1216-4332-AE67-A9668FA9BC25}.Debug|Any CPU.ActiveCfg = Debug|Any CPU
		{396EA34D-1216-4332-AE67-A9668FA9BC25}.Debug|Any CPU.Build.0 = Debug|Any CPU
		{396EA34D-1216-4332-AE67-A9668FA9BC25}.Debug|Any CPU.Deploy.0 = Debug|Any CPU
		{396EA34D-1216-4332-AE67-A9668FA9BC25}.Debug|ARM.ActiveCfg = Debug|Any CPU
		{396EA34D-1216-4332-AE67-A9668FA9BC25}.Debug|ARM.Build.0 = Debug|Any CPU
		{396EA34D-1216-4332-AE67-A9668FA9BC25}.Debug|ARM.Deploy.0 = Debug|Any CPU
		{396EA34D-1216-4332-AE67-A9668FA9BC25}.Debug|iPhone.ActiveCfg = Debug|Any CPU
		{396EA34D-1216-4332-AE67-A9668FA9BC25}.Debug|iPhone.Build.0 = Debug|Any CPU
		{396EA34D-1216-4332-AE67-A9668FA9BC25}.Debug|iPhone.Deploy.0 = Debug|Any CPU
		{396EA34D-1216-4332-AE67-A9668FA9BC25}.Debug|iPhoneSimulator.ActiveCfg = Debug|Any CPU
		{396EA34D-1216-4332-AE67-A9668FA9BC25}.Debug|iPhoneSimulator.Build.0 = Debug|Any CPU
		{396EA34D-1216-4332-AE67-A9668FA9BC25}.Debug|iPhoneSimulator.Deploy.0 = Debug|Any CPU
		{396EA34D-1216-4332-AE67-A9668FA9BC25}.Debug|x64.ActiveCfg = Debug|Any CPU
		{396EA34D-1216-4332-AE67-A9668FA9BC25}.Debug|x64.Build.0 = Debug|Any CPU
		{396EA34D-1216-4332-AE67-A9668FA9BC25}.Debug|x64.Deploy.0 = Debug|Any CPU
		{396EA34D-1216-4332-AE67-A9668FA9BC25}.Debug|x86.ActiveCfg = Debug|Any CPU
		{396EA34D-1216-4332-AE67-A9668FA9BC25}.Debug|x86.Build.0 = Debug|Any CPU
		{396EA34D-1216-4332-AE67-A9668FA9BC25}.Debug|x86.Deploy.0 = Debug|Any CPU
		{396EA34D-1216-4332-AE67-A9668FA9BC25}.Release|Any CPU.ActiveCfg = Release|Any CPU
		{396EA34D-1216-4332-AE67-A9668FA9BC25}.Release|Any CPU.Build.0 = Release|Any CPU
		{396EA34D-1216-4332-AE67-A9668FA9BC25}.Release|Any CPU.Deploy.0 = Release|Any CPU
		{396EA34D-1216-4332-AE67-A9668FA9BC25}.Release|ARM.ActiveCfg = Release|Any CPU
		{396EA34D-1216-4332-AE67-A9668FA9BC25}.Release|ARM.Build.0 = Release|Any CPU
		{396EA34D-1216-4332-AE67-A9668FA9BC25}.Release|ARM.Deploy.0 = Release|Any CPU
		{396EA34D-1216-4332-AE67-A9668FA9BC25}.Release|iPhone.ActiveCfg = Release|Any CPU
		{396EA34D-1216-4332-AE67-A9668FA9BC25}.Release|iPhone.Build.0 = Release|Any CPU
		{396EA34D-1216-4332-AE67-A9668FA9BC25}.Release|iPhone.Deploy.0 = Release|Any CPU
		{396EA34D-1216-4332-AE67-A9668FA9BC25}.Release|iPhoneSimulator.ActiveCfg = Release|Any CPU
		{396EA34D-1216-4332-AE67-A9668FA9BC25}.Release|iPhoneSimulator.Build.0 = Release|Any CPU
		{396EA34D-1216-4332-AE67-A9668FA9BC25}.Release|iPhoneSimulator.Deploy.0 = Release|Any CPU
		{396EA34D-1216-4332-AE67-A9668FA9BC25}.Release|x64.ActiveCfg = Release|Any CPU
		{396EA34D-1216-4332-AE67-A9668FA9BC25}.Release|x64.Build.0 = Release|Any CPU
		{396EA34D-1216-4332-AE67-A9668FA9BC25}.Release|x64.Deploy.0 = Release|Any CPU
		{396EA34D-1216-4332-AE67-A9668FA9BC25}.Release|x86.ActiveCfg = Release|Any CPU
		{396EA34D-1216-4332-AE67-A9668FA9BC25}.Release|x86.Build.0 = Release|Any CPU
		{396EA34D-1216-4332-AE67-A9668FA9BC25}.Release|x86.Deploy.0 = Release|Any CPU
	EndGlobalSection
	GlobalSection(SolutionProperties) = preSolution
		HideSolutionNode = FALSE
	EndGlobalSection
	GlobalSection(ExtensibilityGlobals) = postSolution
		SolutionGuid = {B7AF458A-CF39-493B-8D7B-DDC0951D1211}
	EndGlobalSection
EndGlobal
